
Microsoft Visual Studio Solution File, Format Version 12.00
# Visual Studio Version 17
VisualStudioVersion = 17.14.36623.8 d17.14
MinimumVisualStudioVersion = 10.0.40219.1
Project("{FAE04EC0-301F-11D3-BF4B-00C04F79EFBC}") = "HomeWork_Algorithm", "HomeWork_Algorithm\HomeWork_Algorithm.csproj", "{06A7A2DE-96A5-4F19-BB16-AB355D5633EF}"
EndProject
Global
	GlobalSection(SolutionConfigurationPlatforms) = preSolution
		Debug|Any CPU = Debug|Any CPU
		Release|Any CPU = Release|Any CPU
	EndGlobalSection
	GlobalSection(ProjectConfigurationPlatforms) = postSolution
		{06A7A2DE-96A5-4F19-BB16-AB355D5633EF}.Debug|Any CPU.ActiveCfg = Debug|Any CPU
		{06A7A2DE-96A5-4F19-BB16-AB355D5633EF}.Debug|Any CPU.Build.0 = Debug|Any CPU
		{06A7A2DE-96A5-4F19-BB16-AB355D5633EF}.Release|Any CPU.ActiveCfg = Release|Any CPU
		{06A7A2DE-96A5-4F19-BB16-AB355D5633EF}.Release|Any CPU.Build.0 = Release|Any CPU
	EndGlobalSection
	GlobalSection(SolutionProperties) = preSolution
		HideSolutionNode = FALSE
	EndGlobalSection
	GlobalSection(ExtensibilityGlobals) = postSolution
		SolutionGuid = {A9447457-7486-42A3-BBAF-15264EB8F35B}
	EndGlobalSection
EndGlobal
