
Microsoft Visual Studio Solution File, Format Version 12.00
# Visual Studio Version 17
VisualStudioVersion = 17.14.36623.8 d17.14
MinimumVisualStudioVersion = 10.0.40219.1
Project("{FAE04EC0-301F-11D3-BF4B-00C04F79EFBC}") = "PalindromeNumber", "PalindromeNumber\PalindromeNumber.csproj", "{B9428EF1-E49D-464A-92AF-94965DCB736A}"
EndProject
Global
	GlobalSection(SolutionConfigurationPlatforms) = preSolution
		Debug|Any CPU = Debug|Any CPU
		Release|Any CPU = Release|Any CPU
	EndGlobalSection
	GlobalSection(ProjectConfigurationPlatforms) = postSolution
		{B9428EF1-E49D-464A-92AF-94965DCB736A}.Debug|Any CPU.ActiveCfg = Debug|Any CPU
		{B9428EF1-E49D-464A-92AF-94965DCB736A}.Debug|Any CPU.Build.0 = Debug|Any CPU
		{B9428EF1-E49D-464A-92AF-94965DCB736A}.Release|Any CPU.ActiveCfg = Release|Any CPU
		{B9428EF1-E49D-464A-92AF-94965DCB736A}.Release|Any CPU.Build.0 = Release|Any CPU
	EndGlobalSection
	GlobalSection(SolutionProperties) = preSolution
		HideSolutionNode = FALSE
	EndGlobalSection
	GlobalSection(ExtensibilityGlobals) = postSolution
		SolutionGuid = {1F932BB1-AA32-4FB5-9A75-C85A5F882FCD}
	EndGlobalSection
EndGlobal
