
Microsoft Visual Studio Solution File, Format Version 12.00
# Visual Studio Version 17
VisualStudioVersion = 17.14.36623.8 d17.14
MinimumVisualStudioVersion = 10.0.40219.1
Project("{FAE04EC0-301F-11D3-BF4B-00C04F79EFBC}") = "PrimeCheck2", "PrimeCheck2\PrimeCheck2.csproj", "{544736E4-E258-4B31-9E02-3CFBF251C47B}"
EndProject
Global
	GlobalSection(SolutionConfigurationPlatforms) = preSolution
		Debug|Any CPU = Debug|Any CPU
		Release|Any CPU = Release|Any CPU
	EndGlobalSection
	GlobalSection(ProjectConfigurationPlatforms) = postSolution
		{544736E4-E258-4B31-9E02-3CFBF251C47B}.Debug|Any CPU.ActiveCfg = Debug|Any CPU
		{544736E4-E258-4B31-9E02-3CFBF251C47B}.Debug|Any CPU.Build.0 = Debug|Any CPU
		{544736E4-E258-4B31-9E02-3CFBF251C47B}.Release|Any CPU.ActiveCfg = Release|Any CPU
		{544736E4-E258-4B31-9E02-3CFBF251C47B}.Release|Any CPU.Build.0 = Release|Any CPU
	EndGlobalSection
	GlobalSection(SolutionProperties) = preSolution
		HideSolutionNode = FALSE
	EndGlobalSection
	GlobalSection(ExtensibilityGlobals) = postSolution
		SolutionGuid = {26638759-0612-460E-8311-971BF8ED83C8}
	EndGlobalSection
EndGlobal
